
Microsoft Visual Studio Solution File, Format Version 12.00
# Visual Studio Version 17
VisualStudioVersion = 17.9.34728.123
MinimumVisualStudioVersion = 10.0.40219.1
Project("{FAE04EC0-301F-11D3-BF4B-00C04F79EFBC}") = "calisus", "calisus\calisus.csproj", "{4E50994A-7436-4112-8514-4934F35385C9}"
EndProject
Global
	GlobalSection(SolutionConfigurationPlatforms) = preSolution
		Debug|Any CPU = Debug|Any CPU
		Release|Any CPU = Release|Any CPU
	EndGlobalSection
	GlobalSection(ProjectConfigurationPlatforms) = postSolution
		{4E50994A-7436-4112-8514-4934F35385C9}.Debug|Any CPU.ActiveCfg = Debug|Any CPU
		{4E50994A-7436-4112-8514-4934F35385C9}.Debug|Any CPU.Build.0 = Debug|Any CPU
		{4E50994A-7436-4112-8514-4934F35385C9}.Release|Any CPU.ActiveCfg = Release|Any CPU
		{4E50994A-7436-4112-8514-4934F35385C9}.Release|Any CPU.Build.0 = Release|Any CPU
	EndGlobalSection
	GlobalSection(SolutionProperties) = preSolution
		HideSolutionNode = FALSE
	EndGlobalSection
	GlobalSection(ExtensibilityGlobals) = postSolution
		SolutionGuid = {7AB54AB3-9D64-4F15-8B12-BAF4BE022ECE}
	EndGlobalSection
EndGlobal
